<?xml version="1.0" encoding="utf-8"?>
<Project ToolsVersion="4.0" xmlns="http://schemas.microsoft.com/developer/msbuild/2003">
  <ItemGroup>
    <ClCompile Include="..\anafilt.c">
      <Filter>Source Files</Filter>
    </ClCompile>
    <ClCompile Include="..\cdb.c">
      <Filter>Source Files</Filter>
    </ClCompile>
    <ClCompile Include="..\chirp.c">
      <Filter>Source Files</Filter>
    </ClCompile>
    <ClCompile Include="..\convert.c">
      <Filter>Source Files</Filter>
    </ClCompile>
    <ClCompile Include="..\crfft.c">
      <Filter>Source Files</Filter>
    </ClCompile>
    <ClCompile Include="..\fft.c">
      <Filter>Source Files</Filter>
    </ClCompile>
    <ClCompile Include="..\fftfilt.c">
      <Filter>Source Files</Filter>
    </ClCompile>
    <ClCompile Include="..\filter.c">
      <Filter>Source Files</Filter>
    </ClCompile>
    <ClCompile Include="..\fmins.c">
      <Filter>Source Files</Filter>
    </ClCompile>
    <ClCompile Include="..\fminsearch.c">
      <Filter>Source Files</Filter>
    </ClCompile>
    <ClCompile Include="..\freqshape.c">
      <Filter>Source Files</Filter>
    </ClCompile>
    <ClCompile Include="..\interp.c">
      <Filter>Source Files</Filter>
    </ClCompile>
    <ClCompile Include="..\linspace.c">
      <Filter>Source Files</Filter>
    </ClCompile>
    <ClCompile Include="..\matvar.c">
      <Filter>Source Files</Filter>
    </ClCompile>
    <ClCompile Include="..\rand.c">
      <Filter>Source Files</Filter>
    </ClCompile>
    <ClCompile Include="..\randflat.c">
      <Filter>Source Files</Filter>
    </ClCompile>
    <ClCompile Include="..\rcfft.c">
      <Filter>Source Files</Filter>
    </ClCompile>
    <ClCompile Include="..\scalar.c">
      <Filter>Source Files</Filter>
    </ClCompile>
    <ClCompile Include="..\sigpro.c">
      <Filter>Source Files</Filter>
    </ClCompile>
    <ClCompile Include="..\tictoc.c">
      <Filter>Source Files</Filter>
    </ClCompile>
    <ClCompile Include="..\vector.c">
      <Filter>Source Files</Filter>
    </ClCompile>
    <ClCompile Include="..\version.c">
      <Filter>Source Files</Filter>
    </ClCompile>
    <ClCompile Include="..\wavrw.c">
      <Filter>Source Files</Filter>
    </ClCompile>
    <ClCompile Include="..\window.c">
      <Filter>Source Files</Filter>
    </ClCompile>
  </ItemGroup>
  <ItemGroup>
    <ClInclude Include="..\sigpro.h">
      <Filter>Source Files</Filter>
    </ClInclude>
    <ClInclude Include="..\version.h">
      <Filter>Source Files</Filter>
    </ClInclude>
  </ItemGroup>
  <ItemGroup>
    <None Include="..\sigpro.def" />
  </ItemGroup>
  <ItemGroup>
    <Filter Include="Source Files">
      <UniqueIdentifier>{e503cc6f-a34f-46b4-86ec-97558b4ac98c}</UniqueIdentifier>
    </Filter>
    <Filter Include="Header Files">
      <UniqueIdentifier>{f0ae3ec6-ca1c-4e39-bab2-abd2faca8c1b}</UniqueIdentifier>
    </Filter>
  </ItemGroup>
</Project>